
Microsoft Visual Studio Solution File, Format Version 12.00
# Visual Studio Version 17
VisualStudioVersion = 17.1.32210.238
MinimumVisualStudioVersion = 10.0.40219.1
Project("{9A19103F-16F7-4668-BE54-9A1E7A4F7556}") = "BusinessLayer", "BusinessLayer\BusinessLayer.csproj", "{FEA38EA0-3867-4453-8862-20895708C967}"
EndProject
Project("{FAE04EC0-301F-11D3-BF4B-00C04F79EFBC}") = "DataLayer", "DataLayer\DataLayer.csproj", "{671DB3F5-FBC5-4B7E-8BD8-8F4E8B36E239}"
EndProject
Global
	GlobalSection(SolutionConfigurationPlatforms) = preSolution
		Debug|Any CPU = Debug|Any CPU
		Release|Any CPU = Release|Any CPU
	EndGlobalSection
	GlobalSection(ProjectConfigurationPlatforms) = postSolution
		{FEA38EA0-3867-4453-8862-20895708C967}.Debug|Any CPU.ActiveCfg = Debug|Any CPU
		{FEA38EA0-3867-4453-8862-20895708C967}.Debug|Any CPU.Build.0 = Debug|Any CPU
		{FEA38EA0-3867-4453-8862-20895708C967}.Release|Any CPU.ActiveCfg = Release|Any CPU
		{FEA38EA0-3867-4453-8862-20895708C967}.Release|Any CPU.Build.0 = Release|Any CPU
		{671DB3F5-FBC5-4B7E-8BD8-8F4E8B36E239}.Debug|Any CPU.ActiveCfg = Debug|Any CPU
		{671DB3F5-FBC5-4B7E-8BD8-8F4E8B36E239}.Debug|Any CPU.Build.0 = Debug|Any CPU
		{671DB3F5-FBC5-4B7E-8BD8-8F4E8B36E239}.Release|Any CPU.ActiveCfg = Release|Any CPU
		{671DB3F5-FBC5-4B7E-8BD8-8F4E8B36E239}.Release|Any CPU.Build.0 = Release|Any CPU
	EndGlobalSection
	GlobalSection(SolutionProperties) = preSolution
		HideSolutionNode = FALSE
	EndGlobalSection
	GlobalSection(ExtensibilityGlobals) = postSolution
		SolutionGuid = {673C7B84-07A8-4A78-A38B-5001DF24C810}
	EndGlobalSection
EndGlobal
